// !$*UTF8*$!
{
	archiveVersion = 1;
	classes = {
	};
	objectVersion = 50;
	objects = {

/* Begin PBXBuildFile section */
		CB3D7C3E20B2FDAA00037070 /* BuscarRutasViewController.swift in Sources */ = {isa = PBXBuildFile; fileRef = CB3D7C3D20B2FDAA00037070 /* BuscarRutasViewController.swift */; };
		CB3D7C4020B2FDC600037070 /* DetalleRutaViewController.swift in Sources */ = {isa = PBXBuildFile; fileRef = CB3D7C3F20B2FDC600037070 /* DetalleRutaViewController.swift */; };
		CB3D7C4220B303B000037070 /* RutasTableViewController.swift in Sources */ = {isa = PBXBuildFile; fileRef = CB3D7C4120B303B000037070 /* RutasTableViewController.swift */; };
		CB3D7C4420B304CC00037070 /* Ruta.swift in Sources */ = {isa = PBXBuildFile; fileRef = CB3D7C4320B304CC00037070 /* Ruta.swift */; };
		CB3D7C4620B3099E00037070 /* RutasManager.swift in Sources */ = {isa = PBXBuildFile; fileRef = CB3D7C4520B3099E00037070 /* RutasManager.swift */; };
		CB3D7C4820B472C700037070 /* Assets.xcassets in Resources */ = {isa = PBXBuildFile; fileRef = CB3D7C4720B472C700037070 /* Assets.xcassets */; };
		CB3D7C4A20B4846A00037070 /* Rutas.db in Resources */ = {isa = PBXBuildFile; fileRef = CB3D7C4920B4846A00037070 /* Rutas.db */; };
		CB3D7C4D20B4DBFC00037070 /* libsqlite3.tbd in Frameworks */ = {isa = PBXBuildFile; fileRef = CB3D7C4C20B4DBFB00037070 /* libsqlite3.tbd */; };
		CB3D7C6E20B4DE4300037070 /* FMDatabase.m in Sources */ = {isa = PBXBuildFile; fileRef = CB3D7C6320B4DE4000037070 /* FMDatabase.m */; };
		CB3D7C6F20B4DE4300037070 /* FMDatabaseQueue.m in Sources */ = {isa = PBXBuildFile; fileRef = CB3D7C6520B4DE4100037070 /* FMDatabaseQueue.m */; };
		CB3D7C7020B4DE4300037070 /* FMDatabasePool.m in Sources */ = {isa = PBXBuildFile; fileRef = CB3D7C6620B4DE4100037070 /* FMDatabasePool.m */; };
		CB3D7C7120B4DE4300037070 /* FMResultSet.m in Sources */ = {isa = PBXBuildFile; fileRef = CB3D7C6920B4DE4200037070 /* FMResultSet.m */; };
		CB3D7C7220B4DE4300037070 /* FMDatabaseAdditions.m in Sources */ = {isa = PBXBuildFile; fileRef = CB3D7C6D20B4DE4300037070 /* FMDatabaseAdditions.m */; };
		CB3D7C7420B5C1F300037070 /* RutaFavorita.swift in Sources */ = {isa = PBXBuildFile; fileRef = CB3D7C7320B5C1F300037070 /* RutaFavorita.swift */; };
		CB3D7C7620B5CD1300037070 /* FavoritosTableViewController.swift in Sources */ = {isa = PBXBuildFile; fileRef = CB3D7C7520B5CD1300037070 /* FavoritosTableViewController.swift */; };
		CB687FD220988F2C0061FE14 /* AppDelegate.swift in Sources */ = {isa = PBXBuildFile; fileRef = CB687FD120988F2C0061FE14 /* AppDelegate.swift */; };
		CB687FD420988F2C0061FE14 /* HomeViewController.swift in Sources */ = {isa = PBXBuildFile; fileRef = CB687FD320988F2C0061FE14 /* HomeViewController.swift */; };
		CB687FD620988F2C0061FE14 /* RutasViewController.swift in Sources */ = {isa = PBXBuildFile; fileRef = CB687FD520988F2C0061FE14 /* RutasViewController.swift */; };
		CB687FD920988F2C0061FE14 /* Main.storyboard in Resources */ = {isa = PBXBuildFile; fileRef = CB687FD720988F2C0061FE14 /* Main.storyboard */; };
		CB687FDE20988F320061FE14 /* LaunchScreen.storyboard in Resources */ = {isa = PBXBuildFile; fileRef = CB687FDC20988F320061FE14 /* LaunchScreen.storyboard */; };
		CB687FEA2098A9470061FE14 /* EscanearViewController.swift in Sources */ = {isa = PBXBuildFile; fileRef = CB687FE92098A9470061FE14 /* EscanearViewController.swift */; };
		CB6880D62098BBC40061FE14 /* SearchTextField.swift in Sources */ = {isa = PBXBuildFile; fileRef = CB6880D52098BBC40061FE14 /* SearchTextField.swift */; };
/* End PBXBuildFile section */

/* Begin PBXFileReference section */
		CB3D7C3D20B2FDAA00037070 /* BuscarRutasViewController.swift */ = {isa = PBXFileReference; lastKnownFileType = sourcecode.swift; path = BuscarRutasViewController.swift; sourceTree = "<group>"; };
		CB3D7C3F20B2FDC600037070 /* DetalleRutaViewController.swift */ = {isa = PBXFileReference; lastKnownFileType = sourcecode.swift; path = DetalleRutaViewController.swift; sourceTree = "<group>"; };
		CB3D7C4120B303B000037070 /* RutasTableViewController.swift */ = {isa = PBXFileReference; lastKnownFileType = sourcecode.swift; name = RutasTableViewController.swift; path = BusTracker/Controllers/RutasTableViewController.swift; sourceTree = SOURCE_ROOT; };
		CB3D7C4320B304CC00037070 /* Ruta.swift */ = {isa = PBXFileReference; lastKnownFileType = sourcecode.swift; path = Ruta.swift; sourceTree = "<group>"; };
		CB3D7C4520B3099E00037070 /* RutasManager.swift */ = {isa = PBXFileReference; lastKnownFileType = sourcecode.swift; path = RutasManager.swift; sourceTree = "<group>"; };
		CB3D7C4720B472C700037070 /* Assets.xcassets */ = {isa = PBXFileReference; lastKnownFileType = folder.assetcatalog; path = Assets.xcassets; sourceTree = "<group>"; };
		CB3D7C4920B4846A00037070 /* Rutas.db */ = {isa = PBXFileReference; lastKnownFileType = file; path = Rutas.db; sourceTree = "<group>"; };
		CB3D7C4C20B4DBFB00037070 /* libsqlite3.tbd */ = {isa = PBXFileReference; lastKnownFileType = "sourcecode.text-based-dylib-definition"; name = libsqlite3.tbd; path = usr/lib/libsqlite3.tbd; sourceTree = SDKROOT; };
		CB3D7C6220B4DE3D00037070 /* BusTracker-Bridging-Header.h */ = {isa = PBXFileReference; lastKnownFileType = sourcecode.c.h; path = "BusTracker-Bridging-Header.h"; sourceTree = "<group>"; };
		CB3D7C6320B4DE4000037070 /* FMDatabase.m */ = {isa = PBXFileReference; fileEncoding = 4; lastKnownFileType = sourcecode.c.objc; path = FMDatabase.m; sourceTree = "<group>"; };
		CB3D7C6420B4DE4100037070 /* FMDatabasePool.h */ = {isa = PBXFileReference; fileEncoding = 4; lastKnownFileType = sourcecode.c.h; path = FMDatabasePool.h; sourceTree = "<group>"; };
		CB3D7C6520B4DE4100037070 /* FMDatabaseQueue.m */ = {isa = PBXFileReference; fileEncoding = 4; lastKnownFileType = sourcecode.c.objc; path = FMDatabaseQueue.m; sourceTree = "<group>"; };
		CB3D7C6620B4DE4100037070 /* FMDatabasePool.m */ = {isa = PBXFileReference; fileEncoding = 4; lastKnownFileType = sourcecode.c.objc; path = FMDatabasePool.m; sourceTree = "<group>"; };
		CB3D7C6720B4DE4200037070 /* FMDB.h */ = {isa = PBXFileReference; fileEncoding = 4; lastKnownFileType = sourcecode.c.h; path = FMDB.h; sourceTree = "<group>"; };
		CB3D7C6820B4DE4200037070 /* FMResultSet.h */ = {isa = PBXFileReference; fileEncoding = 4; lastKnownFileType = sourcecode.c.h; path = FMResultSet.h; sourceTree = "<group>"; };
		CB3D7C6920B4DE4200037070 /* FMResultSet.m */ = {isa = PBXFileReference; fileEncoding = 4; lastKnownFileType = sourcecode.c.objc; path = FMResultSet.m; sourceTree = "<group>"; };
		CB3D7C6A20B4DE4200037070 /* FMDatabase.h */ = {isa = PBXFileReference; fileEncoding = 4; lastKnownFileType = sourcecode.c.h; path = FMDatabase.h; sourceTree = "<group>"; };
		CB3D7C6B20B4DE4200037070 /* FMDatabaseQueue.h */ = {isa = PBXFileReference; fileEncoding = 4; lastKnownFileType = sourcecode.c.h; path = FMDatabaseQueue.h; sourceTree = "<group>"; };
		CB3D7C6C20B4DE4200037070 /* FMDatabaseAdditions.h */ = {isa = PBXFileReference; fileEncoding = 4; lastKnownFileType = sourcecode.c.h; path = FMDatabaseAdditions.h; sourceTree = "<group>"; };
		CB3D7C6D20B4DE4300037070 /* FMDatabaseAdditions.m */ = {isa = PBXFileReference; fileEncoding = 4; lastKnownFileType = sourcecode.c.objc; path = FMDatabaseAdditions.m; sourceTree = "<group>"; };
		CB3D7C7320B5C1F300037070 /* RutaFavorita.swift */ = {isa = PBXFileReference; lastKnownFileType = sourcecode.swift; path = RutaFavorita.swift; sourceTree = "<group>"; };
		CB3D7C7520B5CD1300037070 /* FavoritosTableViewController.swift */ = {isa = PBXFileReference; lastKnownFileType = sourcecode.swift; path = FavoritosTableViewController.swift; sourceTree = "<group>"; };
		CB687FCE20988F2C0061FE14 /* BusTracker.app */ = {isa = PBXFileReference; explicitFileType = wrapper.application; includeInIndex = 0; path = BusTracker.app; sourceTree = BUILT_PRODUCTS_DIR; };
		CB687FD120988F2C0061FE14 /* AppDelegate.swift */ = {isa = PBXFileReference; lastKnownFileType = sourcecode.swift; path = AppDelegate.swift; sourceTree = "<group>"; };
		CB687FD320988F2C0061FE14 /* HomeViewController.swift */ = {isa = PBXFileReference; lastKnownFileType = sourcecode.swift; path = HomeViewController.swift; sourceTree = "<group>"; };
		CB687FD520988F2C0061FE14 /* RutasViewController.swift */ = {isa = PBXFileReference; lastKnownFileType = sourcecode.swift; path = RutasViewController.swift; sourceTree = "<group>"; };
		CB687FD820988F2C0061FE14 /* Base */ = {isa = PBXFileReference; lastKnownFileType = file.storyboard; name = Base; path = Base.lproj/Main.storyboard; sourceTree = "<group>"; };
		CB687FDD20988F320061FE14 /* Base */ = {isa = PBXFileReference; lastKnownFileType = file.storyboard; name = Base; path = Base.lproj/LaunchScreen.storyboard; sourceTree = "<group>"; };
		CB687FDF20988F320061FE14 /* Info.plist */ = {isa = PBXFileReference; lastKnownFileType = text.plist.xml; path = Info.plist; sourceTree = "<group>"; };
		CB687FE92098A9470061FE14 /* EscanearViewController.swift */ = {isa = PBXFileReference; lastKnownFileType = sourcecode.swift; path = EscanearViewController.swift; sourceTree = "<group>"; };
		CB6880D52098BBC40061FE14 /* SearchTextField.swift */ = {isa = PBXFileReference; fileEncoding = 4; lastKnownFileType = sourcecode.swift; path = SearchTextField.swift; sourceTree = "<group>"; };
/* End PBXFileReference section */

/* Begin PBXFrameworksBuildPhase section */
		CB687FCB20988F2C0061FE14 /* Frameworks */ = {
			isa = PBXFrameworksBuildPhase;
			buildActionMask = 2147483647;
			files = (
				CB3D7C4D20B4DBFC00037070 /* libsqlite3.tbd in Frameworks */,
			);
			runOnlyForDeploymentPostprocessing = 0;
		};
/* End PBXFrameworksBuildPhase section */

/* Begin PBXGroup section */
		CB3D7C4B20B4DBF900037070 /* Frameworks */ = {
			isa = PBXGroup;
			children = (
				CB3D7C4C20B4DBFB00037070 /* libsqlite3.tbd */,
			);
			name = Frameworks;
			sourceTree = "<group>";
		};
		CB3D7C6120B4DD6200037070 /* fmdb */ = {
			isa = PBXGroup;
			children = (
				CB3D7C6A20B4DE4200037070 /* FMDatabase.h */,
				CB3D7C6320B4DE4000037070 /* FMDatabase.m */,
				CB3D7C6C20B4DE4200037070 /* FMDatabaseAdditions.h */,
				CB3D7C6D20B4DE4300037070 /* FMDatabaseAdditions.m */,
				CB3D7C6420B4DE4100037070 /* FMDatabasePool.h */,
				CB3D7C6620B4DE4100037070 /* FMDatabasePool.m */,
				CB3D7C6B20B4DE4200037070 /* FMDatabaseQueue.h */,
				CB3D7C6520B4DE4100037070 /* FMDatabaseQueue.m */,
				CB3D7C6720B4DE4200037070 /* FMDB.h */,
				CB3D7C6820B4DE4200037070 /* FMResultSet.h */,
				CB3D7C6920B4DE4200037070 /* FMResultSet.m */,
				CB3D7C6220B4DE3D00037070 /* BusTracker-Bridging-Header.h */,
			);
			path = fmdb;
			sourceTree = "<group>";
		};
		CB687FC520988F2B0061FE14 = {
			isa = PBXGroup;
			children = (
				CB687FD020988F2C0061FE14 /* BusTracker */,
				CB687FCF20988F2C0061FE14 /* Products */,
				CB3D7C4B20B4DBF900037070 /* Frameworks */,
			);
			sourceTree = "<group>";
		};
		CB687FCF20988F2C0061FE14 /* Products */ = {
			isa = PBXGroup;
			children = (
				CB687FCE20988F2C0061FE14 /* BusTracker.app */,
			);
			name = Products;
			sourceTree = "<group>";
		};
		CB687FD020988F2C0061FE14 /* BusTracker */ = {
			isa = PBXGroup;
			children = (
				CB3D7C6120B4DD6200037070 /* fmdb */,
				CB3D7C4920B4846A00037070 /* Rutas.db */,
				CB687FF02098B6250061FE14 /* Utilities */,
				CB687FED2098AA190061FE14 /* Views */,
				CB687FEC2098AA050061FE14 /* Models */,
				CB687FEB2098A9FA0061FE14 /* Controllers */,
				CB687FDC20988F320061FE14 /* LaunchScreen.storyboard */,
				CB687FDF20988F320061FE14 /* Info.plist */,
				CB3D7C4720B472C700037070 /* Assets.xcassets */,
			);
			path = BusTracker;
			sourceTree = "<group>";
		};
		CB687FEB2098A9FA0061FE14 /* Controllers */ = {
			isa = PBXGroup;
			children = (
				CB687FD120988F2C0061FE14 /* AppDelegate.swift */,
				CB3D7C4120B303B000037070 /* RutasTableViewController.swift */,
				CB687FD320988F2C0061FE14 /* HomeViewController.swift */,
				CB687FD520988F2C0061FE14 /* RutasViewController.swift */,
				CB687FE92098A9470061FE14 /* EscanearViewController.swift */,
				CB3D7C3D20B2FDAA00037070 /* BuscarRutasViewController.swift */,
				CB3D7C3F20B2FDC600037070 /* DetalleRutaViewController.swift */,
				CB3D7C7520B5CD1300037070 /* FavoritosTableViewController.swift */,
			);
			path = Controllers;
			sourceTree = "<group>";
		};
		CB687FEC2098AA050061FE14 /* Models */ = {
			isa = PBXGroup;
			children = (
				CB3D7C4320B304CC00037070 /* Ruta.swift */,
				CB3D7C7320B5C1F300037070 /* RutaFavorita.swift */,
				CB3D7C4520B3099E00037070 /* RutasManager.swift */,
			);
			path = Models;
			sourceTree = "<group>";
		};
		CB687FED2098AA190061FE14 /* Views */ = {
			isa = PBXGroup;
			children = (
				CB687FD720988F2C0061FE14 /* Main.storyboard */,
			);
			path = Views;
			sourceTree = "<group>";
		};
		CB687FF02098B6250061FE14 /* Utilities */ = {
			isa = PBXGroup;
			children = (
				CB6880D52098BBC40061FE14 /* SearchTextField.swift */,
			);
			path = Utilities;
			sourceTree = "<group>";
		};
/* End PBXGroup section */

/* Begin PBXNativeTarget section */
		CB687FCD20988F2C0061FE14 /* BusTracker */ = {
			isa = PBXNativeTarget;
			buildConfigurationList = CB687FE220988F320061FE14 /* Build configuration list for PBXNativeTarget "BusTracker" */;
			buildPhases = (
				CB687FCA20988F2C0061FE14 /* Sources */,
				CB687FCB20988F2C0061FE14 /* Frameworks */,
				CB687FCC20988F2C0061FE14 /* Resources */,
			);
			buildRules = (
			);
			dependencies = (
			);
			name = BusTracker;
			productName = BusTracker;
			productReference = CB687FCE20988F2C0061FE14 /* BusTracker.app */;
			productType = "com.apple.product-type.application";
		};
/* End PBXNativeTarget section */

/* Begin PBXProject section */
		CB687FC620988F2C0061FE14 /* Project object */ = {
			isa = PBXProject;
			attributes = {
				LastSwiftUpdateCheck = 0930;
				LastUpgradeCheck = 0930;
				ORGANIZATIONNAME = unicauca;
				TargetAttributes = {
					CB687FCD20988F2C0061FE14 = {
						CreatedOnToolsVersion = 9.3;
						LastSwiftMigration = 0930;
					};
				};
			};
			buildConfigurationList = CB687FC920988F2C0061FE14 /* Build configuration list for PBXProject "BusTracker" */;
			compatibilityVersion = "Xcode 9.3";
			developmentRegion = en;
			hasScannedForEncodings = 0;
			knownRegions = (
				en,
				Base,
			);
			mainGroup = CB687FC520988F2B0061FE14;
			productRefGroup = CB687FCF20988F2C0061FE14 /* Products */;
			projectDirPath = "";
			projectRoot = "";
			targets = (
				CB687FCD20988F2C0061FE14 /* BusTracker */,
			);
		};
/* End PBXProject section */

/* Begin PBXResourcesBuildPhase section */
		CB687FCC20988F2C0061FE14 /* Resources */ = {
			isa = PBXResourcesBuildPhase;
			buildActionMask = 2147483647;
			files = (
				CB687FDE20988F320061FE14 /* LaunchScreen.storyboard in Resources */,
				CB3D7C4820B472C700037070 /* Assets.xcassets in Resources */,
				CB687FD920988F2C0061FE14 /* Main.storyboard in Resources */,
				CB3D7C4A20B4846A00037070 /* Rutas.db in Resources */,
			);
			runOnlyForDeploymentPostprocessing = 0;
		};
/* End PBXResourcesBuildPhase section */

/* Begin PBXSourcesBuildPhase section */
		CB687FCA20988F2C0061FE14 /* Sources */ = {
			isa = PBXSourcesBuildPhase;
			buildActionMask = 2147483647;
			files = (
				CB3D7C4020B2FDC600037070 /* DetalleRutaViewController.swift in Sources */,
				CB3D7C4620B3099E00037070 /* RutasManager.swift in Sources */,
				CB3D7C3E20B2FDAA00037070 /* BuscarRutasViewController.swift in Sources */,
				CB3D7C6E20B4DE4300037070 /* FMDatabase.m in Sources */,
				CB3D7C6F20B4DE4300037070 /* FMDatabaseQueue.m in Sources */,
				CB3D7C7620B5CD1300037070 /* FavoritosTableViewController.swift in Sources */,
				CB687FD620988F2C0061FE14 /* RutasViewController.swift in Sources */,
				CB3D7C7220B4DE4300037070 /* FMDatabaseAdditions.m in Sources */,
				CB687FD220988F2C0061FE14 /* AppDelegate.swift in Sources */,
				CB3D7C4420B304CC00037070 /* Ruta.swift in Sources */,
				CB3D7C7120B4DE4300037070 /* FMResultSet.m in Sources */,
				CB687FD420988F2C0061FE14 /* HomeViewController.swift in Sources */,
				CB687FEA2098A9470061FE14 /* EscanearViewController.swift in Sources */,
				CB3D7C7420B5C1F300037070 /* RutaFavorita.swift in Sources */,
				CB3D7C7020B4DE4300037070 /* FMDatabasePool.m in Sources */,
				CB6880D62098BBC40061FE14 /* SearchTextField.swift in Sources */,
				CB3D7C4220B303B000037070 /* RutasTableViewController.swift in Sources */,
			);
			runOnlyForDeploymentPostprocessing = 0;
		};
/* End PBXSourcesBuildPhase section */

/* Begin PBXVariantGroup section */
		CB687FD720988F2C0061FE14 /* Main.storyboard */ = {
			isa = PBXVariantGroup;
			children = (
				CB687FD820988F2C0061FE14 /* Base */,
			);
			name = Main.storyboard;
			sourceTree = "<group>";
		};
		CB687FDC20988F320061FE14 /* LaunchScreen.storyboard */ = {
			isa = PBXVariantGroup;
			children = (
				CB687FDD20988F320061FE14 /* Base */,
			);
			name = LaunchScreen.storyboard;
			sourceTree = "<group>";
		};
/* End PBXVariantGroup section */

/* Begin XCBuildConfiguration section */
		CB687FE020988F320061FE14 /* Debug */ = {
			isa = XCBuildConfiguration;
			buildSettings = {
				ALWAYS_SEARCH_USER_PATHS = NO;
				CLANG_ANALYZER_NONNULL = YES;
				CLANG_ANALYZER_NUMBER_OBJECT_CONVERSION = YES_AGGRESSIVE;
				CLANG_CXX_LANGUAGE_STANDARD = "gnu++14";
				CLANG_CXX_LIBRARY = "libc++";
				CLANG_ENABLE_MODULES = YES;
				CLANG_ENABLE_OBJC_ARC = YES;
				CLANG_ENABLE_OBJC_WEAK = YES;
				CLANG_WARN_BLOCK_CAPTURE_AUTORELEASING = YES;
				CLANG_WARN_BOOL_CONVERSION = YES;
				CLANG_WARN_COMMA = YES;
				CLANG_WARN_CONSTANT_CONVERSION = YES;
				CLANG_WARN_DEPRECATED_OBJC_IMPLEMENTATIONS = YES;
				CLANG_WARN_DIRECT_OBJC_ISA_USAGE = YES_ERROR;
				CLANG_WARN_DOCUMENTATION_COMMENTS = YES;
				CLANG_WARN_EMPTY_BODY = YES;
				CLANG_WARN_ENUM_CONVERSION = YES;
				CLANG_WARN_INFINITE_RECURSION = YES;
				CLANG_WARN_INT_CONVERSION = YES;
				CLANG_WARN_NON_LITERAL_NULL_CONVERSION = YES;
				CLANG_WARN_OBJC_IMPLICIT_RETAIN_SELF = YES;
				CLANG_WARN_OBJC_LITERAL_CONVERSION = YES;
				CLANG_WARN_OBJC_ROOT_CLASS = YES_ERROR;
				CLANG_WARN_RANGE_LOOP_ANALYSIS = YES;
				CLANG_WARN_STRICT_PROTOTYPES = YES;
				CLANG_WARN_SUSPICIOUS_MOVE = YES;
				CLANG_WARN_UNGUARDED_AVAILABILITY = YES_AGGRESSIVE;
				CLANG_WARN_UNREACHABLE_CODE = YES;
				CLANG_WARN__DUPLICATE_METHOD_MATCH = YES;
				CODE_SIGN_IDENTITY = "iPhone Developer";
				COPY_PHASE_STRIP = NO;
				DEBUG_INFORMATION_FORMAT = dwarf;
				ENABLE_STRICT_OBJC_MSGSEND = YES;
				ENABLE_TESTABILITY = YES;
				GCC_C_LANGUAGE_STANDARD = gnu11;
				GCC_DYNAMIC_NO_PIC = NO;
				GCC_NO_COMMON_BLOCKS = YES;
				GCC_OPTIMIZATION_LEVEL = 0;
				GCC_PREPROCESSOR_DEFINITIONS = (
					"DEBUG=1",
					"$(inherited)",
				);
				GCC_WARN_64_TO_32_BIT_CONVERSION = YES;
				GCC_WARN_ABOUT_RETURN_TYPE = YES_ERROR;
				GCC_WARN_UNDECLARED_SELECTOR = YES;
				GCC_WARN_UNINITIALIZED_AUTOS = YES_AGGRESSIVE;
				GCC_WARN_UNUSED_FUNCTION = YES;
				GCC_WARN_UNUSED_VARIABLE = YES;
				IPHONEOS_DEPLOYMENT_TARGET = 11.3;
				MTL_ENABLE_DEBUG_INFO = YES;
				ONLY_ACTIVE_ARCH = YES;
				SDKROOT = iphoneos;
				SWIFT_ACTIVE_COMPILATION_CONDITIONS = DEBUG;
				SWIFT_OPTIMIZATION_LEVEL = "-Onone";
			};
			name = Debug;
		};
		CB687FE120988F320061FE14 /* Release */ = {
			isa = XCBuildConfiguration;
			buildSettings = {
				ALWAYS_SEARCH_USER_PATHS = NO;
				CLANG_ANALYZER_NONNULL = YES;
				CLANG_ANALYZER_NUMBER_OBJECT_CONVERSION = YES_AGGRESSIVE;
				CLANG_CXX_LANGUAGE_STANDARD = "gnu++14";
				CLANG_CXX_LIBRARY = "libc++";
				CLANG_ENABLE_MODULES = YES;
				CLANG_ENABLE_OBJC_ARC = YES;
				CLANG_ENABLE_OBJC_WEAK = YES;
				CLANG_WARN_BLOCK_CAPTURE_AUTORELEASING = YES;
				CLANG_WARN_BOOL_CONVERSION = YES;
				CLANG_WARN_COMMA = YES;
				CLANG_WARN_CONSTANT_CONVERSION = YES;
				CLANG_WARN_DEPRECATED_OBJC_IMPLEMENTATIONS = YES;
				CLANG_WARN_DIRECT_OBJC_ISA_USAGE = YES_ERROR;
				CLANG_WARN_DOCUMENTATION_COMMENTS = YES;
				CLANG_WARN_EMPTY_BODY = YES;
				CLANG_WARN_ENUM_CONVERSION = YES;
				CLANG_WARN_INFINITE_RECURSION = YES;
				CLANG_WARN_INT_CONVERSION = YES;
				CLANG_WARN_NON_LITERAL_NULL_CONVERSION = YES;
				CLANG_WARN_OBJC_IMPLICIT_RETAIN_SELF = YES;
				CLANG_WARN_OBJC_LITERAL_CONVERSION = YES;
				CLANG_WARN_OBJC_ROOT_CLASS = YES_ERROR;
				CLANG_WARN_RANGE_LOOP_ANALYSIS = YES;
				CLANG_WARN_STRICT_PROTOTYPES = YES;
				CLANG_WARN_SUSPICIOUS_MOVE = YES;
				CLANG_WARN_UNGUARDED_AVAILABILITY = YES_AGGRESSIVE;
				CLANG_WARN_UNREACHABLE_CODE = YES;
				CLANG_WARN__DUPLICATE_METHOD_MATCH = YES;
				CODE_SIGN_IDENTITY = "iPhone Developer";
				COPY_PHASE_STRIP = NO;
				DEBUG_INFORMATION_FORMAT = "dwarf-with-dsym";
				ENABLE_NS_ASSERTIONS = NO;
				ENABLE_STRICT_OBJC_MSGSEND = YES;
				GCC_C_LANGUAGE_STANDARD = gnu11;
				GCC_NO_COMMON_BLOCKS = YES;
				GCC_WARN_64_TO_32_BIT_CONVERSION = YES;
				GCC_WARN_ABOUT_RETURN_TYPE = YES_ERROR;
				GCC_WARN_UNDECLARED_SELECTOR = YES;
				GCC_WARN_UNINITIALIZED_AUTOS = YES_AGGRESSIVE;
				GCC_WARN_UNUSED_FUNCTION = YES;
				GCC_WARN_UNUSED_VARIABLE = YES;
				IPHONEOS_DEPLOYMENT_TARGET = 11.3;
				MTL_ENABLE_DEBUG_INFO = NO;
				SDKROOT = iphoneos;
				SWIFT_COMPILATION_MODE = wholemodule;
				SWIFT_OPTIMIZATION_LEVEL = "-O";
				VALIDATE_PRODUCT = YES;
			};
			name = Release;
		};
		CB687FE320988F320061FE14 /* Debug */ = {
			isa = XCBuildConfiguration;
			buildSettings = {
				ASSETCATALOG_COMPILER_APPICON_NAME = AppIcon;
				CLANG_ENABLE_MODULES = YES;
				CODE_SIGN_STYLE = Automatic;
				INFOPLIST_FILE = BusTracker/Info.plist;
				LD_RUNPATH_SEARCH_PATHS = (
					"$(inherited)",
					"@executable_path/Frameworks",
				);
				PRODUCT_BUNDLE_IDENTIFIER = com.unicauca.BusTracker;
				PRODUCT_NAME = "$(TARGET_NAME)";
				SWIFT_OBJC_BRIDGING_HEADER = "BusTracker/fmdb/BusTracker-Bridging-Header.h";
				SWIFT_OPTIMIZATION_LEVEL = "-Onone";
				SWIFT_VERSION = 4.0;
				TARGETED_DEVICE_FAMILY = "1,2";
			};
			name = Debug;
		};
		CB687FE420988F320061FE14 /* Release */ = {
			isa = XCBuildConfiguration;
			buildSettings = {
				ASSETCATALOG_COMPILER_APPICON_NAME = AppIcon;
				CLANG_ENABLE_MODULES = YES;
				CODE_SIGN_STYLE = Automatic;
				INFOPLIST_FILE = BusTracker/Info.plist;
				LD_RUNPATH_SEARCH_PATHS = (
					"$(inherited)",
					"@executable_path/Frameworks",
				);
				PRODUCT_BUNDLE_IDENTIFIER = com.unicauca.BusTracker;
				PRODUCT_NAME = "$(TARGET_NAME)";
				SWIFT_OBJC_BRIDGING_HEADER = "BusTracker/fmdb/BusTracker-Bridging-Header.h";
				SWIFT_VERSION = 4.0;
				TARGETED_DEVICE_FAMILY = "1,2";
			};
			name = Release;
		};
/* End XCBuildConfiguration section */

/* Begin XCConfigurationList section */
		CB687FC920988F2C0061FE14 /* Build configuration list for PBXProject "BusTracker" */ = {
			isa = XCConfigurationList;
			buildConfigurations = (
				CB687FE020988F320061FE14 /* Debug */,
				CB687FE120988F320061FE14 /* Release */,
			);
			defaultConfigurationIsVisible = 0;
			defaultConfigurationName = Release;
		};
		CB687FE220988F320061FE14 /* Build configuration list for PBXNativeTarget "BusTracker" */ = {
			isa = XCConfigurationList;
			buildConfigurations = (
				CB687FE320988F320061FE14 /* Debug */,
				CB687FE420988F320061FE14 /* Release */,
			);
			defaultConfigurationIsVisible = 0;
			defaultConfigurationName = Release;
		};
/* End XCConfigurationList section */
	};
	rootObject = CB687FC620988F2C0061FE14 /* Project object */;
}
